
Microsoft Visual Studio Solution File, Format Version 12.00
# Visual Studio Version 16
VisualStudioVersion = 16.0.30320.27
MinimumVisualStudioVersion = 15.0.26124.0
Project("{2150E333-8FDC-42A3-9474-1A3956D46DE8}") = "Basic", "Basic", "{5522079E-21DE-4664-893B-CC8ED07F4C66}"
EndProject
Project("{9A19103F-16F7-4668-BE54-9A1E7A4F7556}") = "Address", "Basic\Address\Address.csproj", "{F4BBD4F3-B109-473C-B18B-20DE6F589C59}"
EndProject
Project("{9A19103F-16F7-4668-BE54-9A1E7A4F7556}") = "DeviceTypes", "Basic\DeviceTypes\DeviceTypes.csproj", "{07FBBF59-A78D-4FED-BD4F-9C3E77C66954}"
EndProject
Project("{9A19103F-16F7-4668-BE54-9A1E7A4F7556}") = "Events", "Basic\Events\Events.csproj", "{18B68636-57B5-4D61-8789-B884804DB03C}"
EndProject
Project("{9A19103F-16F7-4668-BE54-9A1E7A4F7556}") = "Exceptions", "Basic\Exceptions\Exceptions.csproj", "{E045A967-72A7-41EC-94B4-81333023B978}"
EndProject
Project("{9A19103F-16F7-4668-BE54-9A1E7A4F7556}") = "HelloWorld", "Basic\HelloWorld\HelloWorld.csproj", "{02780D35-5795-440D-9CD6-C315F144A8E9}"
EndProject
Project("{9A19103F-16F7-4668-BE54-9A1E7A4F7556}") = "Notifications", "Basic\Notifications\Notifications.csproj", "{D2FC8386-C313-4809-881A-D714A52ECB41}"
EndProject
Project("{9A19103F-16F7-4668-BE54-9A1E7A4F7556}") = "Notifications.Advanced", "Basic\Notifications.Advanced\Notifications.Advanced.csproj", "{53B4167E-D925-4414-996A-4B769FED37B5}"
EndProject
Project("{2150E333-8FDC-42A3-9474-1A3956D46DE8}") = "Scenarios", "Scenarios", "{6414EF68-A294-405A-93A9-7AAA72E8414F}"
EndProject
Project("{9A19103F-16F7-4668-BE54-9A1E7A4F7556}") = "CsvToPlc", "Scenarios\CsvToPlc\CsvToPlc.csproj", "{98BC9418-C00E-43AD-9EE7-061791663107}"
EndProject
Project("{9A19103F-16F7-4668-BE54-9A1E7A4F7556}") = "PlcToCsv", "Scenarios\PlcToCsv\PlcToCsv.csproj", "{D7CECA4B-5396-4B80-91A3-028BBD90F556}"
EndProject
Project("{9A19103F-16F7-4668-BE54-9A1E7A4F7556}") = "PlcToXls", "Scenarios\PlcToXls\PlcToXls.csproj", "{AF4191F8-D99A-422E-93B9-8CF1140763F1}"
EndProject
Project("{9A19103F-16F7-4668-BE54-9A1E7A4F7556}") = "QueryData", "Scenarios\QueryData\QueryData.csproj", "{07A26BBA-B6CE-4598-B1C6-0557BB202D45}"
EndProject
Project("{9A19103F-16F7-4668-BE54-9A1E7A4F7556}") = "QueryDynamicData", "Scenarios\QueryDynamicData\QueryDynamicData.csproj", "{8D3134B8-ADF3-47E1-B100-4EB023E58C15}"
EndProject
Project("{9A19103F-16F7-4668-BE54-9A1E7A4F7556}") = "SqlToPlc", "Scenarios\SqlToPlc\SqlToPlc.csproj", "{C26B7B41-1D35-421B-A076-67FD61766F5E}"
EndProject
Project("{9A19103F-16F7-4668-BE54-9A1E7A4F7556}") = "Temperature", "Scenarios\Temperature\Temperature.csproj", "{799D3A6C-487B-4294-9F31-EE6C93EC179D}"
EndProject
Project("{9A19103F-16F7-4668-BE54-9A1E7A4F7556}") = "XlsToPlc", "Scenarios\XlsToPlc\XlsToPlc.csproj", "{C1793ECF-49A3-4E54-99BD-F621547EAEFD}"
EndProject
Project("{9A19103F-16F7-4668-BE54-9A1E7A4F7556}") = "PlcToSql", "Scenarios\PlcToSql\PlcToSql.csproj", "{7583B52B-A36B-4E9A-A41F-3FEF1934792E}"
EndProject
Global
	GlobalSection(SolutionConfigurationPlatforms) = preSolution
		Debug|Any CPU = Debug|Any CPU
		Debug|x64 = Debug|x64
		Debug|x86 = Debug|x86
		Release|Any CPU = Release|Any CPU
		Release|x64 = Release|x64
		Release|x86 = Release|x86
	EndGlobalSection
	GlobalSection(ProjectConfigurationPlatforms) = postSolution
		{F4BBD4F3-B109-473C-B18B-20DE6F589C59}.Debug|Any CPU.ActiveCfg = Debug|Any CPU
		{F4BBD4F3-B109-473C-B18B-20DE6F589C59}.Debug|Any CPU.Build.0 = Debug|Any CPU
		{F4BBD4F3-B109-473C-B18B-20DE6F589C59}.Debug|x64.ActiveCfg = Debug|Any CPU
		{F4BBD4F3-B109-473C-B18B-20DE6F589C59}.Debug|x64.Build.0 = Debug|Any CPU
		{F4BBD4F3-B109-473C-B18B-20DE6F589C59}.Debug|x86.ActiveCfg = Debug|Any CPU
		{F4BBD4F3-B109-473C-B18B-20DE6F589C59}.Debug|x86.Build.0 = Debug|Any CPU
		{F4BBD4F3-B109-473C-B18B-20DE6F589C59}.Release|Any CPU.ActiveCfg = Release|Any CPU
		{F4BBD4F3-B109-473C-B18B-20DE6F589C59}.Release|Any CPU.Build.0 = Release|Any CPU
		{F4BBD4F3-B109-473C-B18B-20DE6F589C59}.Release|x64.ActiveCfg = Release|Any CPU
		{F4BBD4F3-B109-473C-B18B-20DE6F589C59}.Release|x64.Build.0 = Release|Any CPU
		{F4BBD4F3-B109-473C-B18B-20DE6F589C59}.Release|x86.ActiveCfg = Release|Any CPU
		{F4BBD4F3-B109-473C-B18B-20DE6F589C59}.Release|x86.Build.0 = Release|Any CPU
		{07FBBF59-A78D-4FED-BD4F-9C3E77C66954}.Debug|Any CPU.ActiveCfg = Debug|Any CPU
		{07FBBF59-A78D-4FED-BD4F-9C3E77C66954}.Debug|Any CPU.Build.0 = Debug|Any CPU
		{07FBBF59-A78D-4FED-BD4F-9C3E77C66954}.Debug|x64.ActiveCfg = Debug|Any CPU
		{07FBBF59-A78D-4FED-BD4F-9C3E77C66954}.Debug|x64.Build.0 = Debug|Any CPU
		{07FBBF59-A78D-4FED-BD4F-9C3E77C66954}.Debug|x86.ActiveCfg = Debug|Any CPU
		{07FBBF59-A78D-4FED-BD4F-9C3E77C66954}.Debug|x86.Build.0 = Debug|Any CPU
		{07FBBF59-A78D-4FED-BD4F-9C3E77C66954}.Release|Any CPU.ActiveCfg = Release|Any CPU
		{07FBBF59-A78D-4FED-BD4F-9C3E77C66954}.Release|Any CPU.Build.0 = Release|Any CPU
		{07FBBF59-A78D-4FED-BD4F-9C3E77C66954}.Release|x64.ActiveCfg = Release|Any CPU
		{07FBBF59-A78D-4FED-BD4F-9C3E77C66954}.Release|x64.Build.0 = Release|Any CPU
		{07FBBF59-A78D-4FED-BD4F-9C3E77C66954}.Release|x86.ActiveCfg = Release|Any CPU
		{07FBBF59-A78D-4FED-BD4F-9C3E77C66954}.Release|x86.Build.0 = Release|Any CPU
		{18B68636-57B5-4D61-8789-B884804DB03C}.Debug|Any CPU.ActiveCfg = Debug|Any CPU
		{18B68636-57B5-4D61-8789-B884804DB03C}.Debug|Any CPU.Build.0 = Debug|Any CPU
		{18B68636-57B5-4D61-8789-B884804DB03C}.Debug|x64.ActiveCfg = Debug|Any CPU
		{18B68636-57B5-4D61-8789-B884804DB03C}.Debug|x64.Build.0 = Debug|Any CPU
		{18B68636-57B5-4D61-8789-B884804DB03C}.Debug|x86.ActiveCfg = Debug|Any CPU
		{18B68636-57B5-4D61-8789-B884804DB03C}.Debug|x86.Build.0 = Debug|Any CPU
		{18B68636-57B5-4D61-8789-B884804DB03C}.Release|Any CPU.ActiveCfg = Release|Any CPU
		{18B68636-57B5-4D61-8789-B884804DB03C}.Release|Any CPU.Build.0 = Release|Any CPU
		{18B68636-57B5-4D61-8789-B884804DB03C}.Release|x64.ActiveCfg = Release|Any CPU
		{18B68636-57B5-4D61-8789-B884804DB03C}.Release|x64.Build.0 = Release|Any CPU
		{18B68636-57B5-4D61-8789-B884804DB03C}.Release|x86.ActiveCfg = Release|Any CPU
		{18B68636-57B5-4D61-8789-B884804DB03C}.Release|x86.Build.0 = Release|Any CPU
		{E045A967-72A7-41EC-94B4-81333023B978}.Debug|Any CPU.ActiveCfg = Debug|Any CPU
		{E045A967-72A7-41EC-94B4-81333023B978}.Debug|Any CPU.Build.0 = Debug|Any CPU
		{E045A967-72A7-41EC-94B4-81333023B978}.Debug|x64.ActiveCfg = Debug|Any CPU
		{E045A967-72A7-41EC-94B4-81333023B978}.Debug|x64.Build.0 = Debug|Any CPU
		{E045A967-72A7-41EC-94B4-81333023B978}.Debug|x86.ActiveCfg = Debug|Any CPU
		{E045A967-72A7-41EC-94B4-81333023B978}.Debug|x86.Build.0 = Debug|Any CPU
		{E045A967-72A7-41EC-94B4-81333023B978}.Release|Any CPU.ActiveCfg = Release|Any CPU
		{E045A967-72A7-41EC-94B4-81333023B978}.Release|Any CPU.Build.0 = Release|Any CPU
		{E045A967-72A7-41EC-94B4-81333023B978}.Release|x64.ActiveCfg = Release|Any CPU
		{E045A967-72A7-41EC-94B4-81333023B978}.Release|x64.Build.0 = Release|Any CPU
		{E045A967-72A7-41EC-94B4-81333023B978}.Release|x86.ActiveCfg = Release|Any CPU
		{E045A967-72A7-41EC-94B4-81333023B978}.Release|x86.Build.0 = Release|Any CPU
		{02780D35-5795-440D-9CD6-C315F144A8E9}.Debug|Any CPU.ActiveCfg = Debug|Any CPU
		{02780D35-5795-440D-9CD6-C315F144A8E9}.Debug|Any CPU.Build.0 = Debug|Any CPU
		{02780D35-5795-440D-9CD6-C315F144A8E9}.Debug|x64.ActiveCfg = Debug|Any CPU
		{02780D35-5795-440D-9CD6-C315F144A8E9}.Debug|x64.Build.0 = Debug|Any CPU
		{02780D35-5795-440D-9CD6-C315F144A8E9}.Debug|x86.ActiveCfg = Debug|Any CPU
		{02780D35-5795-440D-9CD6-C315F144A8E9}.Debug|x86.Build.0 = Debug|Any CPU
		{02780D35-5795-440D-9CD6-C315F144A8E9}.Release|Any CPU.ActiveCfg = Release|Any CPU
		{02780D35-5795-440D-9CD6-C315F144A8E9}.Release|Any CPU.Build.0 = Release|Any CPU
		{02780D35-5795-440D-9CD6-C315F144A8E9}.Release|x64.ActiveCfg = Release|Any CPU
		{02780D35-5795-440D-9CD6-C315F144A8E9}.Release|x64.Build.0 = Release|Any CPU
		{02780D35-5795-440D-9CD6-C315F144A8E9}.Release|x86.ActiveCfg = Release|Any CPU
		{02780D35-5795-440D-9CD6-C315F144A8E9}.Release|x86.Build.0 = Release|Any CPU
		{D2FC8386-C313-4809-881A-D714A52ECB41}.Debug|Any CPU.ActiveCfg = Debug|Any CPU
		{D2FC8386-C313-4809-881A-D714A52ECB41}.Debug|Any CPU.Build.0 = Debug|Any CPU
		{D2FC8386-C313-4809-881A-D714A52ECB41}.Debug|x64.ActiveCfg = Debug|Any CPU
		{D2FC8386-C313-4809-881A-D714A52ECB41}.Debug|x64.Build.0 = Debug|Any CPU
		{D2FC8386-C313-4809-881A-D714A52ECB41}.Debug|x86.ActiveCfg = Debug|Any CPU
		{D2FC8386-C313-4809-881A-D714A52ECB41}.Debug|x86.Build.0 = Debug|Any CPU
		{D2FC8386-C313-4809-881A-D714A52ECB41}.Release|Any CPU.ActiveCfg = Release|Any CPU
		{D2FC8386-C313-4809-881A-D714A52ECB41}.Release|Any CPU.Build.0 = Release|Any CPU
		{D2FC8386-C313-4809-881A-D714A52ECB41}.Release|x64.ActiveCfg = Release|Any CPU
		{D2FC8386-C313-4809-881A-D714A52ECB41}.Release|x64.Build.0 = Release|Any CPU
		{D2FC8386-C313-4809-881A-D714A52ECB41}.Release|x86.ActiveCfg = Release|Any CPU
		{D2FC8386-C313-4809-881A-D714A52ECB41}.Release|x86.Build.0 = Release|Any CPU
		{53B4167E-D925-4414-996A-4B769FED37B5}.Debug|Any CPU.ActiveCfg = Debug|Any CPU
		{53B4167E-D925-4414-996A-4B769FED37B5}.Debug|Any CPU.Build.0 = Debug|Any CPU
		{53B4167E-D925-4414-996A-4B769FED37B5}.Debug|x64.ActiveCfg = Debug|Any CPU
		{53B4167E-D925-4414-996A-4B769FED37B5}.Debug|x64.Build.0 = Debug|Any CPU
		{53B4167E-D925-4414-996A-4B769FED37B5}.Debug|x86.ActiveCfg = Debug|Any CPU
		{53B4167E-D925-4414-996A-4B769FED37B5}.Debug|x86.Build.0 = Debug|Any CPU
		{53B4167E-D925-4414-996A-4B769FED37B5}.Release|Any CPU.ActiveCfg = Release|Any CPU
		{53B4167E-D925-4414-996A-4B769FED37B5}.Release|Any CPU.Build.0 = Release|Any CPU
		{53B4167E-D925-4414-996A-4B769FED37B5}.Release|x64.ActiveCfg = Release|Any CPU
		{53B4167E-D925-4414-996A-4B769FED37B5}.Release|x64.Build.0 = Release|Any CPU
		{53B4167E-D925-4414-996A-4B769FED37B5}.Release|x86.ActiveCfg = Release|Any CPU
		{53B4167E-D925-4414-996A-4B769FED37B5}.Release|x86.Build.0 = Release|Any CPU
		{98BC9418-C00E-43AD-9EE7-061791663107}.Debug|Any CPU.ActiveCfg = Debug|Any CPU
		{98BC9418-C00E-43AD-9EE7-061791663107}.Debug|Any CPU.Build.0 = Debug|Any CPU
		{98BC9418-C00E-43AD-9EE7-061791663107}.Debug|x64.ActiveCfg = Debug|Any CPU
		{98BC9418-C00E-43AD-9EE7-061791663107}.Debug|x64.Build.0 = Debug|Any CPU
		{98BC9418-C00E-43AD-9EE7-061791663107}.Debug|x86.ActiveCfg = Debug|Any CPU
		{98BC9418-C00E-43AD-9EE7-061791663107}.Debug|x86.Build.0 = Debug|Any CPU
		{98BC9418-C00E-43AD-9EE7-061791663107}.Release|Any CPU.ActiveCfg = Release|Any CPU
		{98BC9418-C00E-43AD-9EE7-061791663107}.Release|Any CPU.Build.0 = Release|Any CPU
		{98BC9418-C00E-43AD-9EE7-061791663107}.Release|x64.ActiveCfg = Release|Any CPU
		{98BC9418-C00E-43AD-9EE7-061791663107}.Release|x64.Build.0 = Release|Any CPU
		{98BC9418-C00E-43AD-9EE7-061791663107}.Release|x86.ActiveCfg = Release|Any CPU
		{98BC9418-C00E-43AD-9EE7-061791663107}.Release|x86.Build.0 = Release|Any CPU
		{D7CECA4B-5396-4B80-91A3-028BBD90F556}.Debug|Any CPU.ActiveCfg = Debug|Any CPU
		{D7CECA4B-5396-4B80-91A3-028BBD90F556}.Debug|Any CPU.Build.0 = Debug|Any CPU
		{D7CECA4B-5396-4B80-91A3-028BBD90F556}.Debug|x64.ActiveCfg = Debug|Any CPU
		{D7CECA4B-5396-4B80-91A3-028BBD90F556}.Debug|x64.Build.0 = Debug|Any CPU
		{D7CECA4B-5396-4B80-91A3-028BBD90F556}.Debug|x86.ActiveCfg = Debug|Any CPU
		{D7CECA4B-5396-4B80-91A3-028BBD90F556}.Debug|x86.Build.0 = Debug|Any CPU
		{D7CECA4B-5396-4B80-91A3-028BBD90F556}.Release|Any CPU.ActiveCfg = Release|Any CPU
		{D7CECA4B-5396-4B80-91A3-028BBD90F556}.Release|Any CPU.Build.0 = Release|Any CPU
		{D7CECA4B-5396-4B80-91A3-028BBD90F556}.Release|x64.ActiveCfg = Release|Any CPU
		{D7CECA4B-5396-4B80-91A3-028BBD90F556}.Release|x64.Build.0 = Release|Any CPU
		{D7CECA4B-5396-4B80-91A3-028BBD90F556}.Release|x86.ActiveCfg = Release|Any CPU
		{D7CECA4B-5396-4B80-91A3-028BBD90F556}.Release|x86.Build.0 = Release|Any CPU
		{AF4191F8-D99A-422E-93B9-8CF1140763F1}.Debug|Any CPU.ActiveCfg = Debug|Any CPU
		{AF4191F8-D99A-422E-93B9-8CF1140763F1}.Debug|Any CPU.Build.0 = Debug|Any CPU
		{AF4191F8-D99A-422E-93B9-8CF1140763F1}.Debug|x64.ActiveCfg = Debug|Any CPU
		{AF4191F8-D99A-422E-93B9-8CF1140763F1}.Debug|x64.Build.0 = Debug|Any CPU
		{AF4191F8-D99A-422E-93B9-8CF1140763F1}.Debug|x86.ActiveCfg = Debug|Any CPU
		{AF4191F8-D99A-422E-93B9-8CF1140763F1}.Debug|x86.Build.0 = Debug|Any CPU
		{AF4191F8-D99A-422E-93B9-8CF1140763F1}.Release|Any CPU.ActiveCfg = Release|Any CPU
		{AF4191F8-D99A-422E-93B9-8CF1140763F1}.Release|Any CPU.Build.0 = Release|Any CPU
		{AF4191F8-D99A-422E-93B9-8CF1140763F1}.Release|x64.ActiveCfg = Release|Any CPU
		{AF4191F8-D99A-422E-93B9-8CF1140763F1}.Release|x64.Build.0 = Release|Any CPU
		{AF4191F8-D99A-422E-93B9-8CF1140763F1}.Release|x86.ActiveCfg = Release|Any CPU
		{AF4191F8-D99A-422E-93B9-8CF1140763F1}.Release|x86.Build.0 = Release|Any CPU
		{07A26BBA-B6CE-4598-B1C6-0557BB202D45}.Debug|Any CPU.ActiveCfg = Debug|Any CPU
		{07A26BBA-B6CE-4598-B1C6-0557BB202D45}.Debug|Any CPU.Build.0 = Debug|Any CPU
		{07A26BBA-B6CE-4598-B1C6-0557BB202D45}.Debug|x64.ActiveCfg = Debug|Any CPU
		{07A26BBA-B6CE-4598-B1C6-0557BB202D45}.Debug|x64.Build.0 = Debug|Any CPU
		{07A26BBA-B6CE-4598-B1C6-0557BB202D45}.Debug|x86.ActiveCfg = Debug|Any CPU
		{07A26BBA-B6CE-4598-B1C6-0557BB202D45}.Debug|x86.Build.0 = Debug|Any CPU
		{07A26BBA-B6CE-4598-B1C6-0557BB202D45}.Release|Any CPU.ActiveCfg = Release|Any CPU
		{07A26BBA-B6CE-4598-B1C6-0557BB202D45}.Release|Any CPU.Build.0 = Release|Any CPU
		{07A26BBA-B6CE-4598-B1C6-0557BB202D45}.Release|x64.ActiveCfg = Release|Any CPU
		{07A26BBA-B6CE-4598-B1C6-0557BB202D45}.Release|x64.Build.0 = Release|Any CPU
		{07A26BBA-B6CE-4598-B1C6-0557BB202D45}.Release|x86.ActiveCfg = Release|Any CPU
		{07A26BBA-B6CE-4598-B1C6-0557BB202D45}.Release|x86.Build.0 = Release|Any CPU
		{8D3134B8-ADF3-47E1-B100-4EB023E58C15}.Debug|Any CPU.ActiveCfg = Debug|Any CPU
		{8D3134B8-ADF3-47E1-B100-4EB023E58C15}.Debug|Any CPU.Build.0 = Debug|Any CPU
		{8D3134B8-ADF3-47E1-B100-4EB023E58C15}.Debug|x64.ActiveCfg = Debug|Any CPU
		{8D3134B8-ADF3-47E1-B100-4EB023E58C15}.Debug|x64.Build.0 = Debug|Any CPU
		{8D3134B8-ADF3-47E1-B100-4EB023E58C15}.Debug|x86.ActiveCfg = Debug|Any CPU
		{8D3134B8-ADF3-47E1-B100-4EB023E58C15}.Debug|x86.Build.0 = Debug|Any CPU
		{8D3134B8-ADF3-47E1-B100-4EB023E58C15}.Release|Any CPU.ActiveCfg = Release|Any CPU
		{8D3134B8-ADF3-47E1-B100-4EB023E58C15}.Release|Any CPU.Build.0 = Release|Any CPU
		{8D3134B8-ADF3-47E1-B100-4EB023E58C15}.Release|x64.ActiveCfg = Release|Any CPU
		{8D3134B8-ADF3-47E1-B100-4EB023E58C15}.Release|x64.Build.0 = Release|Any CPU
		{8D3134B8-ADF3-47E1-B100-4EB023E58C15}.Release|x86.ActiveCfg = Release|Any CPU
		{8D3134B8-ADF3-47E1-B100-4EB023E58C15}.Release|x86.Build.0 = Release|Any CPU
		{C26B7B41-1D35-421B-A076-67FD61766F5E}.Debug|Any CPU.ActiveCfg = Debug|Any CPU
		{C26B7B41-1D35-421B-A076-67FD61766F5E}.Debug|Any CPU.Build.0 = Debug|Any CPU
		{C26B7B41-1D35-421B-A076-67FD61766F5E}.Debug|x64.ActiveCfg = Debug|Any CPU
		{C26B7B41-1D35-421B-A076-67FD61766F5E}.Debug|x64.Build.0 = Debug|Any CPU
		{C26B7B41-1D35-421B-A076-67FD61766F5E}.Debug|x86.ActiveCfg = Debug|Any CPU
		{C26B7B41-1D35-421B-A076-67FD61766F5E}.Debug|x86.Build.0 = Debug|Any CPU
		{C26B7B41-1D35-421B-A076-67FD61766F5E}.Release|Any CPU.ActiveCfg = Release|Any CPU
		{C26B7B41-1D35-421B-A076-67FD61766F5E}.Release|Any CPU.Build.0 = Release|Any CPU
		{C26B7B41-1D35-421B-A076-67FD61766F5E}.Release|x64.ActiveCfg = Release|Any CPU
		{C26B7B41-1D35-421B-A076-67FD61766F5E}.Release|x64.Build.0 = Release|Any CPU
		{C26B7B41-1D35-421B-A076-67FD61766F5E}.Release|x86.ActiveCfg = Release|Any CPU
		{C26B7B41-1D35-421B-A076-67FD61766F5E}.Release|x86.Build.0 = Release|Any CPU
		{799D3A6C-487B-4294-9F31-EE6C93EC179D}.Debug|Any CPU.ActiveCfg = Debug|Any CPU
		{799D3A6C-487B-4294-9F31-EE6C93EC179D}.Debug|Any CPU.Build.0 = Debug|Any CPU
		{799D3A6C-487B-4294-9F31-EE6C93EC179D}.Debug|x64.ActiveCfg = Debug|Any CPU
		{799D3A6C-487B-4294-9F31-EE6C93EC179D}.Debug|x64.Build.0 = Debug|Any CPU
		{799D3A6C-487B-4294-9F31-EE6C93EC179D}.Debug|x86.ActiveCfg = Debug|Any CPU
		{799D3A6C-487B-4294-9F31-EE6C93EC179D}.Debug|x86.Build.0 = Debug|Any CPU
		{799D3A6C-487B-4294-9F31-EE6C93EC179D}.Release|Any CPU.ActiveCfg = Release|Any CPU
		{799D3A6C-487B-4294-9F31-EE6C93EC179D}.Release|Any CPU.Build.0 = Release|Any CPU
		{799D3A6C-487B-4294-9F31-EE6C93EC179D}.Release|x64.ActiveCfg = Release|Any CPU
		{799D3A6C-487B-4294-9F31-EE6C93EC179D}.Release|x64.Build.0 = Release|Any CPU
		{799D3A6C-487B-4294-9F31-EE6C93EC179D}.Release|x86.ActiveCfg = Release|Any CPU
		{799D3A6C-487B-4294-9F31-EE6C93EC179D}.Release|x86.Build.0 = Release|Any CPU
		{C1793ECF-49A3-4E54-99BD-F621547EAEFD}.Debug|Any CPU.ActiveCfg = Debug|Any CPU
		{C1793ECF-49A3-4E54-99BD-F621547EAEFD}.Debug|Any CPU.Build.0 = Debug|Any CPU
		{C1793ECF-49A3-4E54-99BD-F621547EAEFD}.Debug|x64.ActiveCfg = Debug|Any CPU
		{C1793ECF-49A3-4E54-99BD-F621547EAEFD}.Debug|x64.Build.0 = Debug|Any CPU
		{C1793ECF-49A3-4E54-99BD-F621547EAEFD}.Debug|x86.ActiveCfg = Debug|Any CPU
		{C1793ECF-49A3-4E54-99BD-F621547EAEFD}.Debug|x86.Build.0 = Debug|Any CPU
		{C1793ECF-49A3-4E54-99BD-F621547EAEFD}.Release|Any CPU.ActiveCfg = Release|Any CPU
		{C1793ECF-49A3-4E54-99BD-F621547EAEFD}.Release|Any CPU.Build.0 = Release|Any CPU
		{C1793ECF-49A3-4E54-99BD-F621547EAEFD}.Release|x64.ActiveCfg = Release|Any CPU
		{C1793ECF-49A3-4E54-99BD-F621547EAEFD}.Release|x64.Build.0 = Release|Any CPU
		{C1793ECF-49A3-4E54-99BD-F621547EAEFD}.Release|x86.ActiveCfg = Release|Any CPU
		{C1793ECF-49A3-4E54-99BD-F621547EAEFD}.Release|x86.Build.0 = Release|Any CPU
		{7583B52B-A36B-4E9A-A41F-3FEF1934792E}.Debug|Any CPU.ActiveCfg = Debug|Any CPU
		{7583B52B-A36B-4E9A-A41F-3FEF1934792E}.Debug|Any CPU.Build.0 = Debug|Any CPU
		{7583B52B-A36B-4E9A-A41F-3FEF1934792E}.Debug|x64.ActiveCfg = Debug|Any CPU
		{7583B52B-A36B-4E9A-A41F-3FEF1934792E}.Debug|x64.Build.0 = Debug|Any CPU
		{7583B52B-A36B-4E9A-A41F-3FEF1934792E}.Debug|x86.ActiveCfg = Debug|Any CPU
		{7583B52B-A36B-4E9A-A41F-3FEF1934792E}.Debug|x86.Build.0 = Debug|Any CPU
		{7583B52B-A36B-4E9A-A41F-3FEF1934792E}.Release|Any CPU.ActiveCfg = Release|Any CPU
		{7583B52B-A36B-4E9A-A41F-3FEF1934792E}.Release|Any CPU.Build.0 = Release|Any CPU
		{7583B52B-A36B-4E9A-A41F-3FEF1934792E}.Release|x64.ActiveCfg = Release|Any CPU
		{7583B52B-A36B-4E9A-A41F-3FEF1934792E}.Release|x64.Build.0 = Release|Any CPU
		{7583B52B-A36B-4E9A-A41F-3FEF1934792E}.Release|x86.ActiveCfg = Release|Any CPU
		{7583B52B-A36B-4E9A-A41F-3FEF1934792E}.Release|x86.Build.0 = Release|Any CPU
	EndGlobalSection
	GlobalSection(SolutionProperties) = preSolution
		HideSolutionNode = FALSE
	EndGlobalSection
	GlobalSection(NestedProjects) = preSolution
		{F4BBD4F3-B109-473C-B18B-20DE6F589C59} = {5522079E-21DE-4664-893B-CC8ED07F4C66}
		{07FBBF59-A78D-4FED-BD4F-9C3E77C66954} = {5522079E-21DE-4664-893B-CC8ED07F4C66}
		{18B68636-57B5-4D61-8789-B884804DB03C} = {5522079E-21DE-4664-893B-CC8ED07F4C66}
		{E045A967-72A7-41EC-94B4-81333023B978} = {5522079E-21DE-4664-893B-CC8ED07F4C66}
		{02780D35-5795-440D-9CD6-C315F144A8E9} = {5522079E-21DE-4664-893B-CC8ED07F4C66}
		{D2FC8386-C313-4809-881A-D714A52ECB41} = {5522079E-21DE-4664-893B-CC8ED07F4C66}
		{53B4167E-D925-4414-996A-4B769FED37B5} = {5522079E-21DE-4664-893B-CC8ED07F4C66}
		{98BC9418-C00E-43AD-9EE7-061791663107} = {6414EF68-A294-405A-93A9-7AAA72E8414F}
		{D7CECA4B-5396-4B80-91A3-028BBD90F556} = {6414EF68-A294-405A-93A9-7AAA72E8414F}
		{AF4191F8-D99A-422E-93B9-8CF1140763F1} = {6414EF68-A294-405A-93A9-7AAA72E8414F}
		{07A26BBA-B6CE-4598-B1C6-0557BB202D45} = {6414EF68-A294-405A-93A9-7AAA72E8414F}
		{8D3134B8-ADF3-47E1-B100-4EB023E58C15} = {6414EF68-A294-405A-93A9-7AAA72E8414F}
		{C26B7B41-1D35-421B-A076-67FD61766F5E} = {6414EF68-A294-405A-93A9-7AAA72E8414F}
		{799D3A6C-487B-4294-9F31-EE6C93EC179D} = {6414EF68-A294-405A-93A9-7AAA72E8414F}
		{C1793ECF-49A3-4E54-99BD-F621547EAEFD} = {6414EF68-A294-405A-93A9-7AAA72E8414F}
		{7583B52B-A36B-4E9A-A41F-3FEF1934792E} = {6414EF68-A294-405A-93A9-7AAA72E8414F}
	EndGlobalSection
	GlobalSection(ExtensibilityGlobals) = postSolution
		SolutionGuid = {61E53411-164A-4B53-ABD2-3AC82B0B9138}
	EndGlobalSection
EndGlobal
