
Microsoft Visual Studio Solution File, Format Version 12.00
# Visual Studio 15
VisualStudioVersion = 15.0.26124.0
MinimumVisualStudioVersion = 15.0.26124.0
Project("{2150E333-8FDC-42A3-9474-1A3956D46DE8}") = "Basic", "Basic", "{F2EE8CB1-1746-411B-AD98-F4BB087D265C}"
EndProject
Project("{F184B08F-C81C-45F6-A57F-5ABD9991F28F}") = "Address", "Basic\Address\Address.vbproj", "{E9E4D6E2-87CE-4C7C-BB75-8FB47B6F92F9}"
EndProject
Project("{F184B08F-C81C-45F6-A57F-5ABD9991F28F}") = "DeviceTypes", "Basic\DeviceTypes\DeviceTypes.vbproj", "{3B6F910E-666C-45FB-A2E8-B4C91BE77EA9}"
EndProject
Project("{F184B08F-C81C-45F6-A57F-5ABD9991F28F}") = "Events", "Basic\Events\Events.vbproj", "{62A624B4-AD4A-4350-804A-E8EE32EDCE86}"
EndProject
Project("{F184B08F-C81C-45F6-A57F-5ABD9991F28F}") = "Exceptions", "Basic\Exceptions\Exceptions.vbproj", "{0F4C24D3-D66A-4044-8332-1C1CC94F4736}"
EndProject
Project("{F184B08F-C81C-45F6-A57F-5ABD9991F28F}") = "HelloWorld", "Basic\HelloWorld\HelloWorld.vbproj", "{5861CEA6-E5FC-4C90-A34F-28A246B0D36E}"
EndProject
Project("{F184B08F-C81C-45F6-A57F-5ABD9991F28F}") = "Notifications", "Basic\Notifications\Notifications.vbproj", "{B21D6B06-FAED-4BDA-A033-53D8F7BC8C98}"
EndProject
Project("{F184B08F-C81C-45F6-A57F-5ABD9991F28F}") = "Notifications.Advanced", "Basic\Notifications.Advanced\Notifications.Advanced.vbproj", "{548EA602-138F-4184-9FB6-68A9C4202AB6}"
EndProject
Project("{2150E333-8FDC-42A3-9474-1A3956D46DE8}") = "Scenarios", "Scenarios", "{737BDAD6-EA35-4E63-AB97-E4D7F4E3B6A1}"
EndProject
Project("{F184B08F-C81C-45F6-A57F-5ABD9991F28F}") = "CsvToPlc", "Scenarios\CsvToPlc\CsvToPlc.vbproj", "{ACF96CFF-F47B-4FB5-9C31-CC8F5B28605D}"
EndProject
Project("{F184B08F-C81C-45F6-A57F-5ABD9991F28F}") = "PlcToCsv", "Scenarios\PlcToCsv\PlcToCsv.vbproj", "{BD4E0292-1FB3-419A-B79D-BECDCDDA05CD}"
EndProject
Project("{F184B08F-C81C-45F6-A57F-5ABD9991F28F}") = "PlcToSql", "Scenarios\PlcToSql\PlcToSql.vbproj", "{300E22C9-2CB8-448D-8337-5BE8272869BA}"
EndProject
Project("{F184B08F-C81C-45F6-A57F-5ABD9991F28F}") = "PlcToXls", "Scenarios\PlcToXls\PlcToXls.vbproj", "{A6757AE4-1C83-4F76-BDF7-CA8126227900}"
EndProject
Project("{F184B08F-C81C-45F6-A57F-5ABD9991F28F}") = "QueryData", "Scenarios\QueryData\QueryData.vbproj", "{EA7F44E1-B76B-464D-BFAB-A4242E135184}"
EndProject
Project("{F184B08F-C81C-45F6-A57F-5ABD9991F28F}") = "QueryDynamicData", "Scenarios\QueryDynamicData\QueryDynamicData.vbproj", "{6009AEDC-F32D-43B7-A2E5-7829200AFD02}"
EndProject
Project("{F184B08F-C81C-45F6-A57F-5ABD9991F28F}") = "SqlToPlc", "Scenarios\SqlToPlc\SqlToPlc.vbproj", "{53ECDFEC-C347-4D35-A2AD-741D0A02B2EF}"
EndProject
Project("{F184B08F-C81C-45F6-A57F-5ABD9991F28F}") = "Temperature", "Scenarios\Temperature\Temperature.vbproj", "{E588D259-9A84-4454-B93B-A49248EEBB70}"
EndProject
Project("{F184B08F-C81C-45F6-A57F-5ABD9991F28F}") = "XlsToPlc", "Scenarios\XlsToPlc\XlsToPlc.vbproj", "{2539862C-A679-4A6A-B2BA-0AEC48630F73}"
EndProject
Global
	GlobalSection(SolutionConfigurationPlatforms) = preSolution
		Debug|Any CPU = Debug|Any CPU
		Debug|x64 = Debug|x64
		Debug|x86 = Debug|x86
		Release|Any CPU = Release|Any CPU
		Release|x64 = Release|x64
		Release|x86 = Release|x86
	EndGlobalSection
	GlobalSection(SolutionProperties) = preSolution
		HideSolutionNode = FALSE
	EndGlobalSection
	GlobalSection(ProjectConfigurationPlatforms) = postSolution
		{E9E4D6E2-87CE-4C7C-BB75-8FB47B6F92F9}.Debug|Any CPU.ActiveCfg = Debug|Any CPU
		{E9E4D6E2-87CE-4C7C-BB75-8FB47B6F92F9}.Debug|Any CPU.Build.0 = Debug|Any CPU
		{E9E4D6E2-87CE-4C7C-BB75-8FB47B6F92F9}.Debug|x64.ActiveCfg = Debug|Any CPU
		{E9E4D6E2-87CE-4C7C-BB75-8FB47B6F92F9}.Debug|x64.Build.0 = Debug|Any CPU
		{E9E4D6E2-87CE-4C7C-BB75-8FB47B6F92F9}.Debug|x86.ActiveCfg = Debug|Any CPU
		{E9E4D6E2-87CE-4C7C-BB75-8FB47B6F92F9}.Debug|x86.Build.0 = Debug|Any CPU
		{E9E4D6E2-87CE-4C7C-BB75-8FB47B6F92F9}.Release|Any CPU.ActiveCfg = Release|Any CPU
		{E9E4D6E2-87CE-4C7C-BB75-8FB47B6F92F9}.Release|Any CPU.Build.0 = Release|Any CPU
		{E9E4D6E2-87CE-4C7C-BB75-8FB47B6F92F9}.Release|x64.ActiveCfg = Release|Any CPU
		{E9E4D6E2-87CE-4C7C-BB75-8FB47B6F92F9}.Release|x64.Build.0 = Release|Any CPU
		{E9E4D6E2-87CE-4C7C-BB75-8FB47B6F92F9}.Release|x86.ActiveCfg = Release|Any CPU
		{E9E4D6E2-87CE-4C7C-BB75-8FB47B6F92F9}.Release|x86.Build.0 = Release|Any CPU
		{3B6F910E-666C-45FB-A2E8-B4C91BE77EA9}.Debug|Any CPU.ActiveCfg = Debug|Any CPU
		{3B6F910E-666C-45FB-A2E8-B4C91BE77EA9}.Debug|Any CPU.Build.0 = Debug|Any CPU
		{3B6F910E-666C-45FB-A2E8-B4C91BE77EA9}.Debug|x64.ActiveCfg = Debug|Any CPU
		{3B6F910E-666C-45FB-A2E8-B4C91BE77EA9}.Debug|x64.Build.0 = Debug|Any CPU
		{3B6F910E-666C-45FB-A2E8-B4C91BE77EA9}.Debug|x86.ActiveCfg = Debug|Any CPU
		{3B6F910E-666C-45FB-A2E8-B4C91BE77EA9}.Debug|x86.Build.0 = Debug|Any CPU
		{3B6F910E-666C-45FB-A2E8-B4C91BE77EA9}.Release|Any CPU.ActiveCfg = Release|Any CPU
		{3B6F910E-666C-45FB-A2E8-B4C91BE77EA9}.Release|Any CPU.Build.0 = Release|Any CPU
		{3B6F910E-666C-45FB-A2E8-B4C91BE77EA9}.Release|x64.ActiveCfg = Release|Any CPU
		{3B6F910E-666C-45FB-A2E8-B4C91BE77EA9}.Release|x64.Build.0 = Release|Any CPU
		{3B6F910E-666C-45FB-A2E8-B4C91BE77EA9}.Release|x86.ActiveCfg = Release|Any CPU
		{3B6F910E-666C-45FB-A2E8-B4C91BE77EA9}.Release|x86.Build.0 = Release|Any CPU
		{62A624B4-AD4A-4350-804A-E8EE32EDCE86}.Debug|Any CPU.ActiveCfg = Debug|Any CPU
		{62A624B4-AD4A-4350-804A-E8EE32EDCE86}.Debug|Any CPU.Build.0 = Debug|Any CPU
		{62A624B4-AD4A-4350-804A-E8EE32EDCE86}.Debug|x64.ActiveCfg = Debug|Any CPU
		{62A624B4-AD4A-4350-804A-E8EE32EDCE86}.Debug|x64.Build.0 = Debug|Any CPU
		{62A624B4-AD4A-4350-804A-E8EE32EDCE86}.Debug|x86.ActiveCfg = Debug|Any CPU
		{62A624B4-AD4A-4350-804A-E8EE32EDCE86}.Debug|x86.Build.0 = Debug|Any CPU
		{62A624B4-AD4A-4350-804A-E8EE32EDCE86}.Release|Any CPU.ActiveCfg = Release|Any CPU
		{62A624B4-AD4A-4350-804A-E8EE32EDCE86}.Release|Any CPU.Build.0 = Release|Any CPU
		{62A624B4-AD4A-4350-804A-E8EE32EDCE86}.Release|x64.ActiveCfg = Release|Any CPU
		{62A624B4-AD4A-4350-804A-E8EE32EDCE86}.Release|x64.Build.0 = Release|Any CPU
		{62A624B4-AD4A-4350-804A-E8EE32EDCE86}.Release|x86.ActiveCfg = Release|Any CPU
		{62A624B4-AD4A-4350-804A-E8EE32EDCE86}.Release|x86.Build.0 = Release|Any CPU
		{0F4C24D3-D66A-4044-8332-1C1CC94F4736}.Debug|Any CPU.ActiveCfg = Debug|Any CPU
		{0F4C24D3-D66A-4044-8332-1C1CC94F4736}.Debug|Any CPU.Build.0 = Debug|Any CPU
		{0F4C24D3-D66A-4044-8332-1C1CC94F4736}.Debug|x64.ActiveCfg = Debug|Any CPU
		{0F4C24D3-D66A-4044-8332-1C1CC94F4736}.Debug|x64.Build.0 = Debug|Any CPU
		{0F4C24D3-D66A-4044-8332-1C1CC94F4736}.Debug|x86.ActiveCfg = Debug|Any CPU
		{0F4C24D3-D66A-4044-8332-1C1CC94F4736}.Debug|x86.Build.0 = Debug|Any CPU
		{0F4C24D3-D66A-4044-8332-1C1CC94F4736}.Release|Any CPU.ActiveCfg = Release|Any CPU
		{0F4C24D3-D66A-4044-8332-1C1CC94F4736}.Release|Any CPU.Build.0 = Release|Any CPU
		{0F4C24D3-D66A-4044-8332-1C1CC94F4736}.Release|x64.ActiveCfg = Release|Any CPU
		{0F4C24D3-D66A-4044-8332-1C1CC94F4736}.Release|x64.Build.0 = Release|Any CPU
		{0F4C24D3-D66A-4044-8332-1C1CC94F4736}.Release|x86.ActiveCfg = Release|Any CPU
		{0F4C24D3-D66A-4044-8332-1C1CC94F4736}.Release|x86.Build.0 = Release|Any CPU
		{5861CEA6-E5FC-4C90-A34F-28A246B0D36E}.Debug|Any CPU.ActiveCfg = Debug|Any CPU
		{5861CEA6-E5FC-4C90-A34F-28A246B0D36E}.Debug|Any CPU.Build.0 = Debug|Any CPU
		{5861CEA6-E5FC-4C90-A34F-28A246B0D36E}.Debug|x64.ActiveCfg = Debug|Any CPU
		{5861CEA6-E5FC-4C90-A34F-28A246B0D36E}.Debug|x64.Build.0 = Debug|Any CPU
		{5861CEA6-E5FC-4C90-A34F-28A246B0D36E}.Debug|x86.ActiveCfg = Debug|Any CPU
		{5861CEA6-E5FC-4C90-A34F-28A246B0D36E}.Debug|x86.Build.0 = Debug|Any CPU
		{5861CEA6-E5FC-4C90-A34F-28A246B0D36E}.Release|Any CPU.ActiveCfg = Release|Any CPU
		{5861CEA6-E5FC-4C90-A34F-28A246B0D36E}.Release|Any CPU.Build.0 = Release|Any CPU
		{5861CEA6-E5FC-4C90-A34F-28A246B0D36E}.Release|x64.ActiveCfg = Release|Any CPU
		{5861CEA6-E5FC-4C90-A34F-28A246B0D36E}.Release|x64.Build.0 = Release|Any CPU
		{5861CEA6-E5FC-4C90-A34F-28A246B0D36E}.Release|x86.ActiveCfg = Release|Any CPU
		{5861CEA6-E5FC-4C90-A34F-28A246B0D36E}.Release|x86.Build.0 = Release|Any CPU
		{B21D6B06-FAED-4BDA-A033-53D8F7BC8C98}.Debug|Any CPU.ActiveCfg = Debug|Any CPU
		{B21D6B06-FAED-4BDA-A033-53D8F7BC8C98}.Debug|Any CPU.Build.0 = Debug|Any CPU
		{B21D6B06-FAED-4BDA-A033-53D8F7BC8C98}.Debug|x64.ActiveCfg = Debug|Any CPU
		{B21D6B06-FAED-4BDA-A033-53D8F7BC8C98}.Debug|x64.Build.0 = Debug|Any CPU
		{B21D6B06-FAED-4BDA-A033-53D8F7BC8C98}.Debug|x86.ActiveCfg = Debug|Any CPU
		{B21D6B06-FAED-4BDA-A033-53D8F7BC8C98}.Debug|x86.Build.0 = Debug|Any CPU
		{B21D6B06-FAED-4BDA-A033-53D8F7BC8C98}.Release|Any CPU.ActiveCfg = Release|Any CPU
		{B21D6B06-FAED-4BDA-A033-53D8F7BC8C98}.Release|Any CPU.Build.0 = Release|Any CPU
		{B21D6B06-FAED-4BDA-A033-53D8F7BC8C98}.Release|x64.ActiveCfg = Release|Any CPU
		{B21D6B06-FAED-4BDA-A033-53D8F7BC8C98}.Release|x64.Build.0 = Release|Any CPU
		{B21D6B06-FAED-4BDA-A033-53D8F7BC8C98}.Release|x86.ActiveCfg = Release|Any CPU
		{B21D6B06-FAED-4BDA-A033-53D8F7BC8C98}.Release|x86.Build.0 = Release|Any CPU
		{548EA602-138F-4184-9FB6-68A9C4202AB6}.Debug|Any CPU.ActiveCfg = Debug|Any CPU
		{548EA602-138F-4184-9FB6-68A9C4202AB6}.Debug|Any CPU.Build.0 = Debug|Any CPU
		{548EA602-138F-4184-9FB6-68A9C4202AB6}.Debug|x64.ActiveCfg = Debug|Any CPU
		{548EA602-138F-4184-9FB6-68A9C4202AB6}.Debug|x64.Build.0 = Debug|Any CPU
		{548EA602-138F-4184-9FB6-68A9C4202AB6}.Debug|x86.ActiveCfg = Debug|Any CPU
		{548EA602-138F-4184-9FB6-68A9C4202AB6}.Debug|x86.Build.0 = Debug|Any CPU
		{548EA602-138F-4184-9FB6-68A9C4202AB6}.Release|Any CPU.ActiveCfg = Release|Any CPU
		{548EA602-138F-4184-9FB6-68A9C4202AB6}.Release|Any CPU.Build.0 = Release|Any CPU
		{548EA602-138F-4184-9FB6-68A9C4202AB6}.Release|x64.ActiveCfg = Release|Any CPU
		{548EA602-138F-4184-9FB6-68A9C4202AB6}.Release|x64.Build.0 = Release|Any CPU
		{548EA602-138F-4184-9FB6-68A9C4202AB6}.Release|x86.ActiveCfg = Release|Any CPU
		{548EA602-138F-4184-9FB6-68A9C4202AB6}.Release|x86.Build.0 = Release|Any CPU
		{ACF96CFF-F47B-4FB5-9C31-CC8F5B28605D}.Debug|Any CPU.ActiveCfg = Debug|Any CPU
		{ACF96CFF-F47B-4FB5-9C31-CC8F5B28605D}.Debug|Any CPU.Build.0 = Debug|Any CPU
		{ACF96CFF-F47B-4FB5-9C31-CC8F5B28605D}.Debug|x64.ActiveCfg = Debug|Any CPU
		{ACF96CFF-F47B-4FB5-9C31-CC8F5B28605D}.Debug|x64.Build.0 = Debug|Any CPU
		{ACF96CFF-F47B-4FB5-9C31-CC8F5B28605D}.Debug|x86.ActiveCfg = Debug|Any CPU
		{ACF96CFF-F47B-4FB5-9C31-CC8F5B28605D}.Debug|x86.Build.0 = Debug|Any CPU
		{ACF96CFF-F47B-4FB5-9C31-CC8F5B28605D}.Release|Any CPU.ActiveCfg = Release|Any CPU
		{ACF96CFF-F47B-4FB5-9C31-CC8F5B28605D}.Release|Any CPU.Build.0 = Release|Any CPU
		{ACF96CFF-F47B-4FB5-9C31-CC8F5B28605D}.Release|x64.ActiveCfg = Release|Any CPU
		{ACF96CFF-F47B-4FB5-9C31-CC8F5B28605D}.Release|x64.Build.0 = Release|Any CPU
		{ACF96CFF-F47B-4FB5-9C31-CC8F5B28605D}.Release|x86.ActiveCfg = Release|Any CPU
		{ACF96CFF-F47B-4FB5-9C31-CC8F5B28605D}.Release|x86.Build.0 = Release|Any CPU
		{BD4E0292-1FB3-419A-B79D-BECDCDDA05CD}.Debug|Any CPU.ActiveCfg = Debug|Any CPU
		{BD4E0292-1FB3-419A-B79D-BECDCDDA05CD}.Debug|Any CPU.Build.0 = Debug|Any CPU
		{BD4E0292-1FB3-419A-B79D-BECDCDDA05CD}.Debug|x64.ActiveCfg = Debug|Any CPU
		{BD4E0292-1FB3-419A-B79D-BECDCDDA05CD}.Debug|x64.Build.0 = Debug|Any CPU
		{BD4E0292-1FB3-419A-B79D-BECDCDDA05CD}.Debug|x86.ActiveCfg = Debug|Any CPU
		{BD4E0292-1FB3-419A-B79D-BECDCDDA05CD}.Debug|x86.Build.0 = Debug|Any CPU
		{BD4E0292-1FB3-419A-B79D-BECDCDDA05CD}.Release|Any CPU.ActiveCfg = Release|Any CPU
		{BD4E0292-1FB3-419A-B79D-BECDCDDA05CD}.Release|Any CPU.Build.0 = Release|Any CPU
		{BD4E0292-1FB3-419A-B79D-BECDCDDA05CD}.Release|x64.ActiveCfg = Release|Any CPU
		{BD4E0292-1FB3-419A-B79D-BECDCDDA05CD}.Release|x64.Build.0 = Release|Any CPU
		{BD4E0292-1FB3-419A-B79D-BECDCDDA05CD}.Release|x86.ActiveCfg = Release|Any CPU
		{BD4E0292-1FB3-419A-B79D-BECDCDDA05CD}.Release|x86.Build.0 = Release|Any CPU
		{300E22C9-2CB8-448D-8337-5BE8272869BA}.Debug|Any CPU.ActiveCfg = Debug|Any CPU
		{300E22C9-2CB8-448D-8337-5BE8272869BA}.Debug|Any CPU.Build.0 = Debug|Any CPU
		{300E22C9-2CB8-448D-8337-5BE8272869BA}.Debug|x64.ActiveCfg = Debug|Any CPU
		{300E22C9-2CB8-448D-8337-5BE8272869BA}.Debug|x64.Build.0 = Debug|Any CPU
		{300E22C9-2CB8-448D-8337-5BE8272869BA}.Debug|x86.ActiveCfg = Debug|Any CPU
		{300E22C9-2CB8-448D-8337-5BE8272869BA}.Debug|x86.Build.0 = Debug|Any CPU
		{300E22C9-2CB8-448D-8337-5BE8272869BA}.Release|Any CPU.ActiveCfg = Release|Any CPU
		{300E22C9-2CB8-448D-8337-5BE8272869BA}.Release|Any CPU.Build.0 = Release|Any CPU
		{300E22C9-2CB8-448D-8337-5BE8272869BA}.Release|x64.ActiveCfg = Release|Any CPU
		{300E22C9-2CB8-448D-8337-5BE8272869BA}.Release|x64.Build.0 = Release|Any CPU
		{300E22C9-2CB8-448D-8337-5BE8272869BA}.Release|x86.ActiveCfg = Release|Any CPU
		{300E22C9-2CB8-448D-8337-5BE8272869BA}.Release|x86.Build.0 = Release|Any CPU
		{A6757AE4-1C83-4F76-BDF7-CA8126227900}.Debug|Any CPU.ActiveCfg = Debug|Any CPU
		{A6757AE4-1C83-4F76-BDF7-CA8126227900}.Debug|Any CPU.Build.0 = Debug|Any CPU
		{A6757AE4-1C83-4F76-BDF7-CA8126227900}.Debug|x64.ActiveCfg = Debug|Any CPU
		{A6757AE4-1C83-4F76-BDF7-CA8126227900}.Debug|x64.Build.0 = Debug|Any CPU
		{A6757AE4-1C83-4F76-BDF7-CA8126227900}.Debug|x86.ActiveCfg = Debug|Any CPU
		{A6757AE4-1C83-4F76-BDF7-CA8126227900}.Debug|x86.Build.0 = Debug|Any CPU
		{A6757AE4-1C83-4F76-BDF7-CA8126227900}.Release|Any CPU.ActiveCfg = Release|Any CPU
		{A6757AE4-1C83-4F76-BDF7-CA8126227900}.Release|Any CPU.Build.0 = Release|Any CPU
		{A6757AE4-1C83-4F76-BDF7-CA8126227900}.Release|x64.ActiveCfg = Release|Any CPU
		{A6757AE4-1C83-4F76-BDF7-CA8126227900}.Release|x64.Build.0 = Release|Any CPU
		{A6757AE4-1C83-4F76-BDF7-CA8126227900}.Release|x86.ActiveCfg = Release|Any CPU
		{A6757AE4-1C83-4F76-BDF7-CA8126227900}.Release|x86.Build.0 = Release|Any CPU
		{EA7F44E1-B76B-464D-BFAB-A4242E135184}.Debug|Any CPU.ActiveCfg = Debug|Any CPU
		{EA7F44E1-B76B-464D-BFAB-A4242E135184}.Debug|Any CPU.Build.0 = Debug|Any CPU
		{EA7F44E1-B76B-464D-BFAB-A4242E135184}.Debug|x64.ActiveCfg = Debug|Any CPU
		{EA7F44E1-B76B-464D-BFAB-A4242E135184}.Debug|x64.Build.0 = Debug|Any CPU
		{EA7F44E1-B76B-464D-BFAB-A4242E135184}.Debug|x86.ActiveCfg = Debug|Any CPU
		{EA7F44E1-B76B-464D-BFAB-A4242E135184}.Debug|x86.Build.0 = Debug|Any CPU
		{EA7F44E1-B76B-464D-BFAB-A4242E135184}.Release|Any CPU.ActiveCfg = Release|Any CPU
		{EA7F44E1-B76B-464D-BFAB-A4242E135184}.Release|Any CPU.Build.0 = Release|Any CPU
		{EA7F44E1-B76B-464D-BFAB-A4242E135184}.Release|x64.ActiveCfg = Release|Any CPU
		{EA7F44E1-B76B-464D-BFAB-A4242E135184}.Release|x64.Build.0 = Release|Any CPU
		{EA7F44E1-B76B-464D-BFAB-A4242E135184}.Release|x86.ActiveCfg = Release|Any CPU
		{EA7F44E1-B76B-464D-BFAB-A4242E135184}.Release|x86.Build.0 = Release|Any CPU
		{6009AEDC-F32D-43B7-A2E5-7829200AFD02}.Debug|Any CPU.ActiveCfg = Debug|Any CPU
		{6009AEDC-F32D-43B7-A2E5-7829200AFD02}.Debug|Any CPU.Build.0 = Debug|Any CPU
		{6009AEDC-F32D-43B7-A2E5-7829200AFD02}.Debug|x64.ActiveCfg = Debug|Any CPU
		{6009AEDC-F32D-43B7-A2E5-7829200AFD02}.Debug|x64.Build.0 = Debug|Any CPU
		{6009AEDC-F32D-43B7-A2E5-7829200AFD02}.Debug|x86.ActiveCfg = Debug|Any CPU
		{6009AEDC-F32D-43B7-A2E5-7829200AFD02}.Debug|x86.Build.0 = Debug|Any CPU
		{6009AEDC-F32D-43B7-A2E5-7829200AFD02}.Release|Any CPU.ActiveCfg = Release|Any CPU
		{6009AEDC-F32D-43B7-A2E5-7829200AFD02}.Release|Any CPU.Build.0 = Release|Any CPU
		{6009AEDC-F32D-43B7-A2E5-7829200AFD02}.Release|x64.ActiveCfg = Release|Any CPU
		{6009AEDC-F32D-43B7-A2E5-7829200AFD02}.Release|x64.Build.0 = Release|Any CPU
		{6009AEDC-F32D-43B7-A2E5-7829200AFD02}.Release|x86.ActiveCfg = Release|Any CPU
		{6009AEDC-F32D-43B7-A2E5-7829200AFD02}.Release|x86.Build.0 = Release|Any CPU
		{53ECDFEC-C347-4D35-A2AD-741D0A02B2EF}.Debug|Any CPU.ActiveCfg = Debug|Any CPU
		{53ECDFEC-C347-4D35-A2AD-741D0A02B2EF}.Debug|Any CPU.Build.0 = Debug|Any CPU
		{53ECDFEC-C347-4D35-A2AD-741D0A02B2EF}.Debug|x64.ActiveCfg = Debug|Any CPU
		{53ECDFEC-C347-4D35-A2AD-741D0A02B2EF}.Debug|x64.Build.0 = Debug|Any CPU
		{53ECDFEC-C347-4D35-A2AD-741D0A02B2EF}.Debug|x86.ActiveCfg = Debug|Any CPU
		{53ECDFEC-C347-4D35-A2AD-741D0A02B2EF}.Debug|x86.Build.0 = Debug|Any CPU
		{53ECDFEC-C347-4D35-A2AD-741D0A02B2EF}.Release|Any CPU.ActiveCfg = Release|Any CPU
		{53ECDFEC-C347-4D35-A2AD-741D0A02B2EF}.Release|Any CPU.Build.0 = Release|Any CPU
		{53ECDFEC-C347-4D35-A2AD-741D0A02B2EF}.Release|x64.ActiveCfg = Release|Any CPU
		{53ECDFEC-C347-4D35-A2AD-741D0A02B2EF}.Release|x64.Build.0 = Release|Any CPU
		{53ECDFEC-C347-4D35-A2AD-741D0A02B2EF}.Release|x86.ActiveCfg = Release|Any CPU
		{53ECDFEC-C347-4D35-A2AD-741D0A02B2EF}.Release|x86.Build.0 = Release|Any CPU
		{E588D259-9A84-4454-B93B-A49248EEBB70}.Debug|Any CPU.ActiveCfg = Debug|Any CPU
		{E588D259-9A84-4454-B93B-A49248EEBB70}.Debug|Any CPU.Build.0 = Debug|Any CPU
		{E588D259-9A84-4454-B93B-A49248EEBB70}.Debug|x64.ActiveCfg = Debug|Any CPU
		{E588D259-9A84-4454-B93B-A49248EEBB70}.Debug|x64.Build.0 = Debug|Any CPU
		{E588D259-9A84-4454-B93B-A49248EEBB70}.Debug|x86.ActiveCfg = Debug|Any CPU
		{E588D259-9A84-4454-B93B-A49248EEBB70}.Debug|x86.Build.0 = Debug|Any CPU
		{E588D259-9A84-4454-B93B-A49248EEBB70}.Release|Any CPU.ActiveCfg = Release|Any CPU
		{E588D259-9A84-4454-B93B-A49248EEBB70}.Release|Any CPU.Build.0 = Release|Any CPU
		{E588D259-9A84-4454-B93B-A49248EEBB70}.Release|x64.ActiveCfg = Release|Any CPU
		{E588D259-9A84-4454-B93B-A49248EEBB70}.Release|x64.Build.0 = Release|Any CPU
		{E588D259-9A84-4454-B93B-A49248EEBB70}.Release|x86.ActiveCfg = Release|Any CPU
		{E588D259-9A84-4454-B93B-A49248EEBB70}.Release|x86.Build.0 = Release|Any CPU
		{2539862C-A679-4A6A-B2BA-0AEC48630F73}.Debug|Any CPU.ActiveCfg = Debug|Any CPU
		{2539862C-A679-4A6A-B2BA-0AEC48630F73}.Debug|Any CPU.Build.0 = Debug|Any CPU
		{2539862C-A679-4A6A-B2BA-0AEC48630F73}.Debug|x64.ActiveCfg = Debug|Any CPU
		{2539862C-A679-4A6A-B2BA-0AEC48630F73}.Debug|x64.Build.0 = Debug|Any CPU
		{2539862C-A679-4A6A-B2BA-0AEC48630F73}.Debug|x86.ActiveCfg = Debug|Any CPU
		{2539862C-A679-4A6A-B2BA-0AEC48630F73}.Debug|x86.Build.0 = Debug|Any CPU
		{2539862C-A679-4A6A-B2BA-0AEC48630F73}.Release|Any CPU.ActiveCfg = Release|Any CPU
		{2539862C-A679-4A6A-B2BA-0AEC48630F73}.Release|Any CPU.Build.0 = Release|Any CPU
		{2539862C-A679-4A6A-B2BA-0AEC48630F73}.Release|x64.ActiveCfg = Release|Any CPU
		{2539862C-A679-4A6A-B2BA-0AEC48630F73}.Release|x64.Build.0 = Release|Any CPU
		{2539862C-A679-4A6A-B2BA-0AEC48630F73}.Release|x86.ActiveCfg = Release|Any CPU
		{2539862C-A679-4A6A-B2BA-0AEC48630F73}.Release|x86.Build.0 = Release|Any CPU
	EndGlobalSection
	GlobalSection(NestedProjects) = preSolution
		{E9E4D6E2-87CE-4C7C-BB75-8FB47B6F92F9} = {F2EE8CB1-1746-411B-AD98-F4BB087D265C}
		{3B6F910E-666C-45FB-A2E8-B4C91BE77EA9} = {F2EE8CB1-1746-411B-AD98-F4BB087D265C}
		{62A624B4-AD4A-4350-804A-E8EE32EDCE86} = {F2EE8CB1-1746-411B-AD98-F4BB087D265C}
		{0F4C24D3-D66A-4044-8332-1C1CC94F4736} = {F2EE8CB1-1746-411B-AD98-F4BB087D265C}
		{5861CEA6-E5FC-4C90-A34F-28A246B0D36E} = {F2EE8CB1-1746-411B-AD98-F4BB087D265C}
		{B21D6B06-FAED-4BDA-A033-53D8F7BC8C98} = {F2EE8CB1-1746-411B-AD98-F4BB087D265C}
		{548EA602-138F-4184-9FB6-68A9C4202AB6} = {F2EE8CB1-1746-411B-AD98-F4BB087D265C}
		{ACF96CFF-F47B-4FB5-9C31-CC8F5B28605D} = {737BDAD6-EA35-4E63-AB97-E4D7F4E3B6A1}
		{BD4E0292-1FB3-419A-B79D-BECDCDDA05CD} = {737BDAD6-EA35-4E63-AB97-E4D7F4E3B6A1}
		{300E22C9-2CB8-448D-8337-5BE8272869BA} = {737BDAD6-EA35-4E63-AB97-E4D7F4E3B6A1}
		{A6757AE4-1C83-4F76-BDF7-CA8126227900} = {737BDAD6-EA35-4E63-AB97-E4D7F4E3B6A1}
		{EA7F44E1-B76B-464D-BFAB-A4242E135184} = {737BDAD6-EA35-4E63-AB97-E4D7F4E3B6A1}
		{6009AEDC-F32D-43B7-A2E5-7829200AFD02} = {737BDAD6-EA35-4E63-AB97-E4D7F4E3B6A1}
		{53ECDFEC-C347-4D35-A2AD-741D0A02B2EF} = {737BDAD6-EA35-4E63-AB97-E4D7F4E3B6A1}
		{E588D259-9A84-4454-B93B-A49248EEBB70} = {737BDAD6-EA35-4E63-AB97-E4D7F4E3B6A1}
		{2539862C-A679-4A6A-B2BA-0AEC48630F73} = {737BDAD6-EA35-4E63-AB97-E4D7F4E3B6A1}
	EndGlobalSection
EndGlobal
